
Microsoft Visual Studio Solution File, Format Version 12.00
# Visual Studio Version 17
VisualStudioVersion = 17.14.36414.22 d17.14
MinimumVisualStudioVersion = 10.0.40219.1
Project("{FAE04EC0-301F-11D3-BF4B-00C04F79EFBC}") = "BasicCode1", "BasicCode1\BasicCode1.csproj", "{7626FB61-DD65-4599-945D-FDB233DC275A}"
EndProject
Global
	GlobalSection(SolutionConfigurationPlatforms) = preSolution
		Debug|Any CPU = Debug|Any CPU
		Release|Any CPU = Release|Any CPU
	EndGlobalSection
	GlobalSection(ProjectConfigurationPlatforms) = postSolution
		{7626FB61-DD65-4599-945D-FDB233DC275A}.Debug|Any CPU.ActiveCfg = Debug|Any CPU
		{7626FB61-DD65-4599-945D-FDB233DC275A}.Debug|Any CPU.Build.0 = Debug|Any CPU
		{7626FB61-DD65-4599-945D-FDB233DC275A}.Release|Any CPU.ActiveCfg = Release|Any CPU
		{7626FB61-DD65-4599-945D-FDB233DC275A}.Release|Any CPU.Build.0 = Release|Any CPU
	EndGlobalSection
	GlobalSection(SolutionProperties) = preSolution
		HideSolutionNode = FALSE
	EndGlobalSection
	GlobalSection(ExtensibilityGlobals) = postSolution
		SolutionGuid = {8AFAA8D7-DFCA-4AA7-A02A-5616A18DE609}
	EndGlobalSection
EndGlobal
